
Microsoft Visual Studio Solution File, Format Version 12.00
# Visual Studio Version 17
VisualStudioVersion = 17.8.34330.188
MinimumVisualStudioVersion = 10.0.40219.1
Project("{FAE04EC0-301F-11D3-BF4B-00C04F79EFBC}") = "Teachers_Records", "Teachers_Records\Teachers_Records.csproj", "{8E75CB2A-F6BB-44BA-9B5B-431EBC79DFFE}"
EndProject
Global
	GlobalSection(SolutionConfigurationPlatforms) = preSolution
		Debug|Any CPU = Debug|Any CPU
		Release|Any CPU = Release|Any CPU
	EndGlobalSection
	GlobalSection(ProjectConfigurationPlatforms) = postSolution
		{8E75CB2A-F6BB-44BA-9B5B-431EBC79DFFE}.Debug|Any CPU.ActiveCfg = Debug|Any CPU
		{8E75CB2A-F6BB-44BA-9B5B-431EBC79DFFE}.Debug|Any CPU.Build.0 = Debug|Any CPU
		{8E75CB2A-F6BB-44BA-9B5B-431EBC79DFFE}.Release|Any CPU.ActiveCfg = Release|Any CPU
		{8E75CB2A-F6BB-44BA-9B5B-431EBC79DFFE}.Release|Any CPU.Build.0 = Release|Any CPU
	EndGlobalSection
	GlobalSection(SolutionProperties) = preSolution
		HideSolutionNode = FALSE
	EndGlobalSection
	GlobalSection(ExtensibilityGlobals) = postSolution
		SolutionGuid = {BEF38112-1879-4E93-90FD-F4316EDA63C7}
	EndGlobalSection
EndGlobal
